{
  "name": "toonkit",
  "version": "0.1.0",
  "lockfileVersion": 3,
  "requires": true,
  "packages": {
    "": {
      "name": "toonkit",
      "version": "0.1.0",
      "dependencies": {
        "@fontsource/permanent-marker": "^5.3.0",
        "p5": "1.11.13"
      }
    },
    "node_modules/@fontsource/permanent-marker": {
      "version": "5.3.0",
      "resolved": "https://registry.npmjs.org/@fontsource/permanent-marker/-/permanent-marker-5.3.0.tgz",
      "integrity": "sha512-ZO/NtYW4SCc/iY8N3dmjWyDITcXJ/vhWZFgnwRcvzwCKKnScMrM/a2/6VHlsjCVuIgmPzNrCFbedEYhv+/jJBg==",
      "license": "Apache-2.0",
      "funding": {
        "url": "https://github.com/sponsors/ayuhito"
      }
    },
    "node_modules/p5": {
      "version": "1.11.13",
      "resolved": "https://registry.npmjs.org/p5/-/p5-1.11.13.tgz",
      "integrity": "sha512-gfGo4AkyuNMs6Ko7UNFM9K2edqFRGyLrFaYUB+XXF127JVdEPu0BIaC5uDDNJpsRMOD9hJMUpsOH4HkfuNhvhA==",
      "license": "LGPL-2.1"
    }
  }
}
